
Microsoft Visual Studio Solution File, Format Version 12.00
# Visual Studio Version 17
VisualStudioVersion = 17.14.36414.22
MinimumVisualStudioVersion = 10.0.40219.1
Project("{FAE04EC0-301F-11D3-BF4B-00C04F79EFBC}") = "PasswordStrength", "PasswordStrength\PasswordStrength.csproj", "{595DAD7B-67C7-49CE-AD3D-511314A5A67C}"
EndProject
Project("{FAE04EC0-301F-11D3-BF4B-00C04F79EFBC}") = "PasswordStrength.Tests", "PasswordStrength.Tests\PasswordStrength.Tests.csproj", "{A24DAE6D-EF4C-454D-BB94-08D65EB7A8E5}"
EndProject
Project("{2150E333-8FDC-42A3-9474-1A3956D46DE8}") = "Solution Items", "Solution Items", "{8EC462FD-D22E-90A8-E5CE-7E832BA40C5D}"
	ProjectSection(SolutionItems) = preProject
		.gitignore = .gitignore
	EndProjectSection
EndProject
Global
	GlobalSection(SolutionConfigurationPlatforms) = preSolution
		Debug|Any CPU = Debug|Any CPU
		Release|Any CPU = Release|Any CPU
	EndGlobalSection
	GlobalSection(ProjectConfigurationPlatforms) = postSolution
		{595DAD7B-67C7-49CE-AD3D-511314A5A67C}.Debug|Any CPU.ActiveCfg = Debug|Any CPU
		{595DAD7B-67C7-49CE-AD3D-511314A5A67C}.Debug|Any CPU.Build.0 = Debug|Any CPU
		{595DAD7B-67C7-49CE-AD3D-511314A5A67C}.Release|Any CPU.ActiveCfg = Release|Any CPU
		{595DAD7B-67C7-49CE-AD3D-511314A5A67C}.Release|Any CPU.Build.0 = Release|Any CPU
		{A24DAE6D-EF4C-454D-BB94-08D65EB7A8E5}.Debug|Any CPU.ActiveCfg = Debug|Any CPU
		{A24DAE6D-EF4C-454D-BB94-08D65EB7A8E5}.Debug|Any CPU.Build.0 = Debug|Any CPU
		{A24DAE6D-EF4C-454D-BB94-08D65EB7A8E5}.Release|Any CPU.ActiveCfg = Release|Any CPU
		{A24DAE6D-EF4C-454D-BB94-08D65EB7A8E5}.Release|Any CPU.Build.0 = Release|Any CPU
	EndGlobalSection
	GlobalSection(SolutionProperties) = preSolution
		HideSolutionNode = FALSE
	EndGlobalSection
	GlobalSection(ExtensibilityGlobals) = postSolution
		SolutionGuid = {383E3946-CDFF-4530-A4D6-8871233C23EE}
	EndGlobalSection
EndGlobal
